// !$*UTF8*$!
{
	archiveVersion = 1;
	classes = {
	};
	objectVersion = 46;
	objects = {

/* Begin PBXBuildFile section */
		4678A0B0195B59510018FDF2 /* Foundation.framework in Frameworks */ = {isa = PBXBuildFile; fileRef = 4678A0AF195B59510018FDF2 /* Foundation.framework */; };
		4678A0B2195B59510018FDF2 /* CoreGraphics.framework in Frameworks */ = {isa = PBXBuildFile; fileRef = 4678A0B1195B59510018FDF2 /* CoreGraphics.framework */; };
		4678A0B4195B59510018FDF2 /* UIKit.framework in Frameworks */ = {isa = PBXBuildFile; fileRef = 4678A0B3195B59510018FDF2 /* UIKit.framework */; };
		4678A0BA195B59510018FDF2 /* InfoPlist.strings in Resources */ = {isa = PBXBuildFile; fileRef = 4678A0B8195B59510018FDF2 /* InfoPlist.strings */; };
		4678A0BC195B59510018FDF2 /* main.m in Sources */ = {isa = PBXBuildFile; fileRef = 4678A0BB195B59510018FDF2 /* main.m */; };
		4678A0C0195B59510018FDF2 /* NLAppDelegate.m in Sources */ = {isa = PBXBuildFile; fileRef = 4678A0BF195B59510018FDF2 /* NLAppDelegate.m */; };
		4678A0C2195B59510018FDF2 /* Images.xcassets in Resources */ = {isa = PBXBuildFile; fileRef = 4678A0C1195B59510018FDF2 /* Images.xcassets */; };
		4678A0C9195B59510018FDF2 /* XCTest.framework in Frameworks */ = {isa = PBXBuildFile; fileRef = 4678A0C8195B59510018FDF2 /* XCTest.framework */; };
		4678A0CA195B59510018FDF2 /* Foundation.framework in Frameworks */ = {isa = PBXBuildFile; fileRef = 4678A0AF195B59510018FDF2 /* Foundation.framework */; };
		4678A0CB195B59510018FDF2 /* UIKit.framework in Frameworks */ = {isa = PBXBuildFile; fileRef = 4678A0B3195B59510018FDF2 /* UIKit.framework */; };
		4678A0D3195B59510018FDF2 /* InfoPlist.strings in Resources */ = {isa = PBXBuildFile; fileRef = 4678A0D1195B59510018FDF2 /* InfoPlist.strings */; };
		4678A0D5195B59510018FDF2 /* NearbyLocatorTests.m in Sources */ = {isa = PBXBuildFile; fileRef = 4678A0D4195B59510018FDF2 /* NearbyLocatorTests.m */; };
		4678A0E0195B59DA0018FDF2 /* NLDirectionManager.m in Sources */ = {isa = PBXBuildFile; fileRef = 4678A0DF195B59DA0018FDF2 /* NLDirectionManager.m */; };
/* End PBXBuildFile section */

/* Begin PBXContainerItemProxy section */
		4678A0CC195B59510018FDF2 /* PBXContainerItemProxy */ = {
			isa = PBXContainerItemProxy;
			containerPortal = 4678A0A4195B59510018FDF2 /* Project object */;
			proxyType = 1;
			remoteGlobalIDString = 4678A0AB195B59510018FDF2;
			remoteInfo = NearbyLocator;
		};
/* End PBXContainerItemProxy section */

/* Begin PBXFileReference section */
		4678A0AC195B59510018FDF2 /* NearbyLocator.app */ = {isa = PBXFileReference; explicitFileType = wrapper.application; includeInIndex = 0; path = NearbyLocator.app; sourceTree = BUILT_PRODUCTS_DIR; };
		4678A0AF195B59510018FDF2 /* Foundation.framework */ = {isa = PBXFileReference; lastKnownFileType = wrapper.framework; name = Foundation.framework; path = System/Library/Frameworks/Foundation.framework; sourceTree = SDKROOT; };
		4678A0B1195B59510018FDF2 /* CoreGraphics.framework */ = {isa = PBXFileReference; lastKnownFileType = wrapper.framework; name = CoreGraphics.framework; path = System/Library/Frameworks/CoreGraphics.framework; sourceTree = SDKROOT; };
		4678A0B3195B59510018FDF2 /* UIKit.framework */ = {isa = PBXFileReference; lastKnownFileType = wrapper.framework; name = UIKit.framework; path = System/Library/Frameworks/UIKit.framework; sourceTree = SDKROOT; };
		4678A0B7195B59510018FDF2 /* NearbyLocator-Info.plist */ = {isa = PBXFileReference; lastKnownFileType = text.plist.xml; path = "NearbyLocator-Info.plist"; sourceTree = "<group>"; };
		4678A0B9195B59510018FDF2 /* en */ = {isa = PBXFileReference; lastKnownFileType = text.plist.strings; name = en; path = en.lproj/InfoPlist.strings; sourceTree = "<group>"; };
		4678A0BB195B59510018FDF2 /* main.m */ = {isa = PBXFileReference; lastKnownFileType = sourcecode.c.objc; path = main.m; sourceTree = "<group>"; };
		4678A0BD195B59510018FDF2 /* NearbyLocator-Prefix.pch */ = {isa = PBXFileReference; lastKnownFileType = sourcecode.c.h; path = "NearbyLocator-Prefix.pch"; sourceTree = "<group>"; };
		4678A0BE195B59510018FDF2 /* NLAppDelegate.h */ = {isa = PBXFileReference; lastKnownFileType = sourcecode.c.h; path = NLAppDelegate.h; sourceTree = "<group>"; };
		4678A0BF195B59510018FDF2 /* NLAppDelegate.m */ = {isa = PBXFileReference; lastKnownFileType = sourcecode.c.objc; path = NLAppDelegate.m; sourceTree = "<group>"; };
		4678A0C1195B59510018FDF2 /* Images.xcassets */ = {isa = PBXFileReference; lastKnownFileType = folder.assetcatalog; path = Images.xcassets; sourceTree = "<group>"; };
		4678A0C7195B59510018FDF2 /* NearbyLocatorTests.xctest */ = {isa = PBXFileReference; explicitFileType = wrapper.cfbundle; includeInIndex = 0; path = NearbyLocatorTests.xctest; sourceTree = BUILT_PRODUCTS_DIR; };
		4678A0C8195B59510018FDF2 /* XCTest.framework */ = {isa = PBXFileReference; lastKnownFileType = wrapper.framework; name = XCTest.framework; path = Library/Frameworks/XCTest.framework; sourceTree = DEVELOPER_DIR; };
		4678A0D0195B59510018FDF2 /* NearbyLocatorTests-Info.plist */ = {isa = PBXFileReference; lastKnownFileType = text.plist.xml; path = "NearbyLocatorTests-Info.plist"; sourceTree = "<group>"; };
		4678A0D2195B59510018FDF2 /* en */ = {isa = PBXFileReference; lastKnownFileType = text.plist.strings; name = en; path = en.lproj/InfoPlist.strings; sourceTree = "<group>"; };
		4678A0D4195B59510018FDF2 /* NearbyLocatorTests.m */ = {isa = PBXFileReference; lastKnownFileType = sourcecode.c.objc; path = NearbyLocatorTests.m; sourceTree = "<group>"; };
		4678A0DE195B59DA0018FDF2 /* NLDirectionManager.h */ = {isa = PBXFileReference; fileEncoding = 4; lastKnownFileType = sourcecode.c.h; path = NLDirectionManager.h; sourceTree = "<group>"; };
		4678A0DF195B59DA0018FDF2 /* NLDirectionManager.m */ = {isa = PBXFileReference; fileEncoding = 4; lastKnownFileType = sourcecode.c.objc; path = NLDirectionManager.m; sourceTree = "<group>"; };
/* End PBXFileReference section */

/* Begin PBXFrameworksBuildPhase section */
		4678A0A9195B59510018FDF2 /* Frameworks */ = {
			isa = PBXFrameworksBuildPhase;
			buildActionMask = 2147483647;
			files = (
				4678A0B2195B59510018FDF2 /* CoreGraphics.framework in Frameworks */,
				4678A0B4195B59510018FDF2 /* UIKit.framework in Frameworks */,
				4678A0B0195B59510018FDF2 /* Foundation.framework in Frameworks */,
			);
			runOnlyForDeploymentPostprocessing = 0;
		};
		4678A0C4195B59510018FDF2 /* Frameworks */ = {
			isa = PBXFrameworksBuildPhase;
			buildActionMask = 2147483647;
			files = (
				4678A0C9195B59510018FDF2 /* XCTest.framework in Frameworks */,
				4678A0CB195B59510018FDF2 /* UIKit.framework in Frameworks */,
				4678A0CA195B59510018FDF2 /* Foundation.framework in Frameworks */,
			);
			runOnlyForDeploymentPostprocessing = 0;
		};
/* End PBXFrameworksBuildPhase section */

/* Begin PBXGroup section */
		4678A0A3195B59510018FDF2 = {
			isa = PBXGroup;
			children = (
				4678A0B5195B59510018FDF2 /* NearbyLocator */,
				4678A0CE195B59510018FDF2 /* NearbyLocatorTests */,
				4678A0AE195B59510018FDF2 /* Frameworks */,
				4678A0AD195B59510018FDF2 /* Products */,
			);
			sourceTree = "<group>";
		};
		4678A0AD195B59510018FDF2 /* Products */ = {
			isa = PBXGroup;
			children = (
				4678A0AC195B59510018FDF2 /* NearbyLocator.app */,
				4678A0C7195B59510018FDF2 /* NearbyLocatorTests.xctest */,
			);
			name = Products;
			sourceTree = "<group>";
		};
		4678A0AE195B59510018FDF2 /* Frameworks */ = {
			isa = PBXGroup;
			children = (
				4678A0AF195B59510018FDF2 /* Foundation.framework */,
				4678A0B1195B59510018FDF2 /* CoreGraphics.framework */,
				4678A0B3195B59510018FDF2 /* UIKit.framework */,
				4678A0C8195B59510018FDF2 /* XCTest.framework */,
			);
			name = Frameworks;
			sourceTree = "<group>";
		};
		4678A0B5195B59510018FDF2 /* NearbyLocator */ = {
			isa = PBXGroup;
			children = (
				4678A0BE195B59510018FDF2 /* NLAppDelegate.h */,
				4678A0BF195B59510018FDF2 /* NLAppDelegate.m */,
				4678A0DE195B59DA0018FDF2 /* NLDirectionManager.h */,
				4678A0DF195B59DA0018FDF2 /* NLDirectionManager.m */,
				4678A0C1195B59510018FDF2 /* Images.xcassets */,
				4678A0B6195B59510018FDF2 /* Supporting Files */,
			);
			path = NearbyLocator;
			sourceTree = "<group>";
		};
		4678A0B6195B59510018FDF2 /* Supporting Files */ = {
			isa = PBXGroup;
			children = (
				4678A0B7195B59510018FDF2 /* NearbyLocator-Info.plist */,
				4678A0B8195B59510018FDF2 /* InfoPlist.strings */,
				4678A0BB195B59510018FDF2 /* main.m */,
				4678A0BD195B59510018FDF2 /* NearbyLocator-Prefix.pch */,
			);
			name = "Supporting Files";
			sourceTree = "<group>";
		};
		4678A0CE195B59510018FDF2 /* NearbyLocatorTests */ = {
			isa = PBXGroup;
			children = (
				4678A0D4195B59510018FDF2 /* NearbyLocatorTests.m */,
				4678A0CF195B59510018FDF2 /* Supporting Files */,
			);
			path = NearbyLocatorTests;
			sourceTree = "<group>";
		};
		4678A0CF195B59510018FDF2 /* Supporting Files */ = {
			isa = PBXGroup;
			children = (
				4678A0D0195B59510018FDF2 /* NearbyLocatorTests-Info.plist */,
				4678A0D1195B59510018FDF2 /* InfoPlist.strings */,
			);
			name = "Supporting Files";
			sourceTree = "<group>";
		};
/* End PBXGroup section */

/* Begin PBXNativeTarget section */
		4678A0AB195B59510018FDF2 /* NearbyLocator */ = {
			isa = PBXNativeTarget;
			buildConfigurationList = 4678A0D8195B59510018FDF2 /* Build configuration list for PBXNativeTarget "NearbyLocator" */;
			buildPhases = (
				4678A0A8195B59510018FDF2 /* Sources */,
				4678A0A9195B59510018FDF2 /* Frameworks */,
				4678A0AA195B59510018FDF2 /* Resources */,
			);
			buildRules = (
			);
			dependencies = (
			);
			name = NearbyLocator;
			productName = NearbyLocator;
			productReference = 4678A0AC195B59510018FDF2 /* NearbyLocator.app */;
			productType = "com.apple.product-type.application";
		};
		4678A0C6195B59510018FDF2 /* NearbyLocatorTests */ = {
			isa = PBXNativeTarget;
			buildConfigurationList = 4678A0DB195B59510018FDF2 /* Build configuration list for PBXNativeTarget "NearbyLocatorTests" */;
			buildPhases = (
				4678A0C3195B59510018FDF2 /* Sources */,
				4678A0C4195B59510018FDF2 /* Frameworks */,
				4678A0C5195B59510018FDF2 /* Resources */,
			);
			buildRules = (
			);
			dependencies = (
				4678A0CD195B59510018FDF2 /* PBXTargetDependency */,
			);
			name = NearbyLocatorTests;
			productName = NearbyLocatorTests;
			productReference = 4678A0C7195B59510018FDF2 /* NearbyLocatorTests.xctest */;
			productType = "com.apple.product-type.bundle.unit-test";
		};
/* End PBXNativeTarget section */

/* Begin PBXProject section */
		4678A0A4195B59510018FDF2 /* Project object */ = {
			isa = PBXProject;
			attributes = {
				CLASSPREFIX = NL;
				LastUpgradeCheck = 0510;
				ORGANIZATIONNAME = GRL5;
				TargetAttributes = {
					4678A0C6195B59510018FDF2 = {
						TestTargetID = 4678A0AB195B59510018FDF2;
					};
				};
			};
			buildConfigurationList = 4678A0A7195B59510018FDF2 /* Build configuration list for PBXProject "NearbyLocator" */;
			compatibilityVersion = "Xcode 3.2";
			developmentRegion = English;
			hasScannedForEncodings = 0;
			knownRegions = (
				en,
			);
			mainGroup = 4678A0A3195B59510018FDF2;
			productRefGroup = 4678A0AD195B59510018FDF2 /* Products */;
			projectDirPath = "";
			projectRoot = "";
			targets = (
				4678A0AB195B59510018FDF2 /* NearbyLocator */,
				4678A0C6195B59510018FDF2 /* NearbyLocatorTests */,
			);
		};
/* End PBXProject section */

/* Begin PBXResourcesBuildPhase section */
		4678A0AA195B59510018FDF2 /* Resources */ = {
			isa = PBXResourcesBuildPhase;
			buildActionMask = 2147483647;
			files = (
				4678A0BA195B59510018FDF2 /* InfoPlist.strings in Resources */,
				4678A0C2195B59510018FDF2 /* Images.xcassets in Resources */,
			);
			runOnlyForDeploymentPostprocessing = 0;
		};
		4678A0C5195B59510018FDF2 /* Resources */ = {
			isa = PBXResourcesBuildPhase;
			buildActionMask = 2147483647;
			files = (
				4678A0D3195B59510018FDF2 /* InfoPlist.strings in Resources */,
			);
			runOnlyForDeploymentPostprocessing = 0;
		};
/* End PBXResourcesBuildPhase section */

/* Begin PBXSourcesBuildPhase section */
		4678A0A8195B59510018FDF2 /* Sources */ = {
			isa = PBXSourcesBuildPhase;
			buildActionMask = 2147483647;
			files = (
				4678A0C0195B59510018FDF2 /* NLAppDelegate.m in Sources */,
				4678A0BC195B59510018FDF2 /* main.m in Sources */,
				4678A0E0195B59DA0018FDF2 /* NLDirectionManager.m in Sources */,
			);
			runOnlyForDeploymentPostprocessing = 0;
		};
		4678A0C3195B59510018FDF2 /* Sources */ = {
			isa = PBXSourcesBuildPhase;
			buildActionMask = 2147483647;
			files = (
				4678A0D5195B59510018FDF2 /* NearbyLocatorTests.m in Sources */,
			);
			runOnlyForDeploymentPostprocessing = 0;
		};
/* End PBXSourcesBuildPhase section */

/* Begin PBXTargetDependency section */
		4678A0CD195B59510018FDF2 /* PBXTargetDependency */ = {
			isa = PBXTargetDependency;
			target = 4678A0AB195B59510018FDF2 /* NearbyLocator */;
			targetProxy = 4678A0CC195B59510018FDF2 /* PBXContainerItemProxy */;
		};
/* End PBXTargetDependency section */

/* Begin PBXVariantGroup section */
		4678A0B8195B59510018FDF2 /* InfoPlist.strings */ = {
			isa = PBXVariantGroup;
			children = (
				4678A0B9195B59510018FDF2 /* en */,
			);
			name = InfoPlist.strings;
			sourceTree = "<group>";
		};
		4678A0D1195B59510018FDF2 /* InfoPlist.strings */ = {
			isa = PBXVariantGroup;
			children = (
				4678A0D2195B59510018FDF2 /* en */,
			);
			name = InfoPlist.strings;
			sourceTree = "<group>";
		};
/* End PBXVariantGroup section */

/* Begin XCBuildConfiguration section */
		4678A0D6195B59510018FDF2 /* Debug */ = {
			isa = XCBuildConfiguration;
			buildSettings = {
				ALWAYS_SEARCH_USER_PATHS = NO;
				CLANG_CXX_LANGUAGE_STANDARD = "gnu++0x";
				CLANG_CXX_LIBRARY = "libc++";
				CLANG_ENABLE_MODULES = YES;
				CLANG_ENABLE_OBJC_ARC = YES;
				CLANG_WARN_BOOL_CONVERSION = YES;
				CLANG_WARN_CONSTANT_CONVERSION = YES;
				CLANG_WARN_DIRECT_OBJC_ISA_USAGE = YES_ERROR;
				CLANG_WARN_EMPTY_BODY = YES;
				CLANG_WARN_ENUM_CONVERSION = YES;
				CLANG_WARN_INT_CONVERSION = YES;
				CLANG_WARN_OBJC_ROOT_CLASS = YES_ERROR;
				CLANG_WARN__DUPLICATE_METHOD_MATCH = YES;
				"CODE_SIGN_IDENTITY[sdk=iphoneos*]" = "iPhone Developer";
				COPY_PHASE_STRIP = NO;
				GCC_C_LANGUAGE_STANDARD = gnu99;
				GCC_DYNAMIC_NO_PIC = NO;
				GCC_OPTIMIZATION_LEVEL = 0;
				GCC_PREPROCESSOR_DEFINITIONS = (
					"DEBUG=1",
					"$(inherited)",
				);
				GCC_SYMBOLS_PRIVATE_EXTERN = NO;
				GCC_WARN_64_TO_32_BIT_CONVERSION = YES;
				GCC_WARN_ABOUT_RETURN_TYPE = YES_ERROR;
				GCC_WARN_UNDECLARED_SELECTOR = YES;
				GCC_WARN_UNINITIALIZED_AUTOS = YES_AGGRESSIVE;
				GCC_WARN_UNUSED_FUNCTION = YES;
				GCC_WARN_UNUSED_VARIABLE = YES;
				IPHONEOS_DEPLOYMENT_TARGET = 7.1;
				ONLY_ACTIVE_ARCH = YES;
				SDKROOT = iphoneos;
				TARGETED_DEVICE_FAMILY = "1,2";
			};
			name = Debug;
		};
		4678A0D7195B59510018FDF2 /* Release */ = {
			isa = XCBuildConfiguration;
			buildSettings = {
				ALWAYS_SEARCH_USER_PATHS = NO;
				CLANG_CXX_LANGUAGE_STANDARD = "gnu++0x";
				CLANG_CXX_LIBRARY = "libc++";
				CLANG_ENABLE_MODULES = YES;
				CLANG_ENABLE_OBJC_ARC = YES;
				CLANG_WARN_BOOL_CONVERSION = YES;
				CLANG_WARN_CONSTANT_CONVERSION = YES;
				CLANG_WARN_DIRECT_OBJC_ISA_USAGE = YES_ERROR;
				CLANG_WARN_EMPTY_BODY = YES;
				CLANG_WARN_ENUM_CONVERSION = YES;
				CLANG_WARN_INT_CONVERSION = YES;
				CLANG_WARN_OBJC_ROOT_CLASS = YES_ERROR;
				CLANG_WARN__DUPLICATE_METHOD_MATCH = YES;
				"CODE_SIGN_IDENTITY[sdk=iphoneos*]" = "iPhone Developer";
				COPY_PHASE_STRIP = YES;
				ENABLE_NS_ASSERTIONS = NO;
				GCC_C_LANGUAGE_STANDARD = gnu99;
				GCC_WARN_64_TO_32_BIT_CONVERSION = YES;
				GCC_WARN_ABOUT_RETURN_TYPE = YES_ERROR;
				GCC_WARN_UNDECLARED_SELECTOR = YES;
				GCC_WARN_UNINITIALIZED_AUTOS = YES_AGGRESSIVE;
				GCC_WARN_UNUSED_FUNCTION = YES;
				GCC_WARN_UNUSED_VARIABLE = YES;
				IPHONEOS_DEPLOYMENT_TARGET = 7.1;
				SDKROOT = iphoneos;
				TARGETED_DEVICE_FAMILY = "1,2";
				VALIDATE_PRODUCT = YES;
			};
			name = Release;
		};
		4678A0D9195B59510018FDF2 /* Debug */ = {
			isa = XCBuildConfiguration;
			buildSettings = {
				ASSETCATALOG_COMPILER_APPICON_NAME = AppIcon;
				ASSETCATALOG_COMPILER_LAUNCHIMAGE_NAME = LaunchImage;
				GCC_PRECOMPILE_PREFIX_HEADER = YES;
				GCC_PREFIX_HEADER = "NearbyLocator/NearbyLocator-Prefix.pch";
				INFOPLIST_FILE = "NearbyLocator/NearbyLocator-Info.plist";
				PRODUCT_NAME = "$(TARGET_NAME)";
				WRAPPER_EXTENSION = app;
			};
			name = Debug;
		};
		4678A0DA195B59510018FDF2 /* Release */ = {
			isa = XCBuildConfiguration;
			buildSettings = {
				ASSETCATALOG_COMPILER_APPICON_NAME = AppIcon;
				ASSETCATALOG_COMPILER_LAUNCHIMAGE_NAME = LaunchImage;
				GCC_PRECOMPILE_PREFIX_HEADER = YES;
				GCC_PREFIX_HEADER = "NearbyLocator/NearbyLocator-Prefix.pch";
				INFOPLIST_FILE = "NearbyLocator/NearbyLocator-Info.plist";
				PRODUCT_NAME = "$(TARGET_NAME)";
				WRAPPER_EXTENSION = app;
			};
			name = Release;
		};
		4678A0DC195B59510018FDF2 /* Debug */ = {
			isa = XCBuildConfiguration;
			buildSettings = {
				BUNDLE_LOADER = "$(BUILT_PRODUCTS_DIR)/NearbyLocator.app/NearbyLocator";
				FRAMEWORK_SEARCH_PATHS = (
					"$(SDKROOT)/Developer/Library/Frameworks",
					"$(inherited)",
					"$(DEVELOPER_FRAMEWORKS_DIR)",
				);
				GCC_PRECOMPILE_PREFIX_HEADER = YES;
				GCC_PREFIX_HEADER = "NearbyLocator/NearbyLocator-Prefix.pch";
				GCC_PREPROCESSOR_DEFINITIONS = (
					"DEBUG=1",
					"$(inherited)",
				);
				INFOPLIST_FILE = "NearbyLocatorTests/NearbyLocatorTests-Info.plist";
				PRODUCT_NAME = "$(TARGET_NAME)";
				TEST_HOST = "$(BUNDLE_LOADER)";
				WRAPPER_EXTENSION = xctest;
			};
			name = Debug;
		};
		4678A0DD195B59510018FDF2 /* Release */ = {
			isa = XCBuildConfiguration;
			buildSettings = {
				BUNDLE_LOADER = "$(BUILT_PRODUCTS_DIR)/NearbyLocator.app/NearbyLocator";
				FRAMEWORK_SEARCH_PATHS = (
					"$(SDKROOT)/Developer/Library/Frameworks",
					"$(inherited)",
					"$(DEVELOPER_FRAMEWORKS_DIR)",
				);
				GCC_PRECOMPILE_PREFIX_HEADER = YES;
				GCC_PREFIX_HEADER = "NearbyLocator/NearbyLocator-Prefix.pch";
				INFOPLIST_FILE = "NearbyLocatorTests/NearbyLocatorTests-Info.plist";
				PRODUCT_NAME = "$(TARGET_NAME)";
				TEST_HOST = "$(BUNDLE_LOADER)";
				WRAPPER_EXTENSION = xctest;
			};
			name = Release;
		};
/* End XCBuildConfiguration section */

/* Begin XCConfigurationList section */
		4678A0A7195B59510018FDF2 /* Build configuration list for PBXProject "NearbyLocator" */ = {
			isa = XCConfigurationList;
			buildConfigurations = (
				4678A0D6195B59510018FDF2 /* Debug */,
				4678A0D7195B59510018FDF2 /* Release */,
			);
			defaultConfigurationIsVisible = 0;
			defaultConfigurationName = Release;
		};
		4678A0D8195B59510018FDF2 /* Build configuration list for PBXNativeTarget "NearbyLocator" */ = {
			isa = XCConfigurationList;
			buildConfigurations = (
				4678A0D9195B59510018FDF2 /* Debug */,
				4678A0DA195B59510018FDF2 /* Release */,
			);
			defaultConfigurationIsVisible = 0;
		};
		4678A0DB195B59510018FDF2 /* Build configuration list for PBXNativeTarget "NearbyLocatorTests" */ = {
			isa = XCConfigurationList;
			buildConfigurations = (
				4678A0DC195B59510018FDF2 /* Debug */,
				4678A0DD195B59510018FDF2 /* Release */,
			);
			defaultConfigurationIsVisible = 0;
		};
/* End XCConfigurationList section */
	};
	rootObject = 4678A0A4195B59510018FDF2 /* Project object */;
}
